# This file is automatically @generated by Cargo.
# It is not intended for manual editing.
version = 4

[[package]]
name = "kernel"
version = "0.1.0"
dependencies = [
 "r-efi",
 "static_assertions",
]

[[package]]
name = "r-efi"
version = "7.0.0"
source = "registry+https://github.com/rust-lang/crates.io-index"
checksum = "b1b35d612599fa2eed43b064164175ebe98c88de47c8cc6cc6c50d6502aa6abe"

[[package]]
name = "static_assertions"
version = "1.1.0"
source = "registry+https://github.com/rust-lang/crates.io-index"
checksum = "a2eb9349b6444b326872e140eb1cf5e7c522154d69e7a0ffb0fb81c06b37543f"
